
Microsoft Visual Studio Solution File, Format Version 12.00
# Visual Studio Version 17
VisualStudioVersion = 17.3.32811.315
MinimumVisualStudioVersion = 10.0.40219.1
Project("{9A19103F-16F7-4668-BE54-9A1E7A4F7556}") = "DataAccess", "DataAccess\DataAccess.csproj", "{6EE08874-96D0-4C28-9801-20B8F56FAEBC}"
EndProject
Project("{9A19103F-16F7-4668-BE54-9A1E7A4F7556}") = "Business", "Business\Business.csproj", "{A46A8329-3021-4560-8048-2A2DEDAB191C}"
EndProject
Project("{9A19103F-16F7-4668-BE54-9A1E7A4F7556}") = "Entities", "Entities\Entities.csproj", "{0F3AF00A-2001-42E0-B249-8D224ADF20FF}"
EndProject
Project("{9A19103F-16F7-4668-BE54-9A1E7A4F7556}") = "Core", "Core\Core.csproj", "{AE8AA52E-ED19-458A-9FBA-904D6E10E3B8}"
EndProject
Project("{9A19103F-16F7-4668-BE54-9A1E7A4F7556}") = "WebAPI", "WebAPI\WebAPI.csproj", "{6D973287-EA67-432F-93D8-25A4FB2977EB}"
EndProject
Global
	GlobalSection(SolutionConfigurationPlatforms) = preSolution
		Debug|Any CPU = Debug|Any CPU
		Release|Any CPU = Release|Any CPU
	EndGlobalSection
	GlobalSection(ProjectConfigurationPlatforms) = postSolution
		{6EE08874-96D0-4C28-9801-20B8F56FAEBC}.Debug|Any CPU.ActiveCfg = Debug|Any CPU
		{6EE08874-96D0-4C28-9801-20B8F56FAEBC}.Debug|Any CPU.Build.0 = Debug|Any CPU
		{6EE08874-96D0-4C28-9801-20B8F56FAEBC}.Release|Any CPU.ActiveCfg = Release|Any CPU
		{6EE08874-96D0-4C28-9801-20B8F56FAEBC}.Release|Any CPU.Build.0 = Release|Any CPU
		{A46A8329-3021-4560-8048-2A2DEDAB191C}.Debug|Any CPU.ActiveCfg = Debug|Any CPU
		{A46A8329-3021-4560-8048-2A2DEDAB191C}.Debug|Any CPU.Build.0 = Debug|Any CPU
		{A46A8329-3021-4560-8048-2A2DEDAB191C}.Release|Any CPU.ActiveCfg = Release|Any CPU
		{A46A8329-3021-4560-8048-2A2DEDAB191C}.Release|Any CPU.Build.0 = Release|Any CPU
		{0F3AF00A-2001-42E0-B249-8D224ADF20FF}.Debug|Any CPU.ActiveCfg = Debug|Any CPU
		{0F3AF00A-2001-42E0-B249-8D224ADF20FF}.Debug|Any CPU.Build.0 = Debug|Any CPU
		{0F3AF00A-2001-42E0-B249-8D224ADF20FF}.Release|Any CPU.ActiveCfg = Release|Any CPU
		{0F3AF00A-2001-42E0-B249-8D224ADF20FF}.Release|Any CPU.Build.0 = Release|Any CPU
		{AE8AA52E-ED19-458A-9FBA-904D6E10E3B8}.Debug|Any CPU.ActiveCfg = Debug|Any CPU
		{AE8AA52E-ED19-458A-9FBA-904D6E10E3B8}.Debug|Any CPU.Build.0 = Debug|Any CPU
		{AE8AA52E-ED19-458A-9FBA-904D6E10E3B8}.Release|Any CPU.ActiveCfg = Release|Any CPU
		{AE8AA52E-ED19-458A-9FBA-904D6E10E3B8}.Release|Any CPU.Build.0 = Release|Any CPU
		{6D973287-EA67-432F-93D8-25A4FB2977EB}.Debug|Any CPU.ActiveCfg = Debug|Any CPU
		{6D973287-EA67-432F-93D8-25A4FB2977EB}.Debug|Any CPU.Build.0 = Debug|Any CPU
		{6D973287-EA67-432F-93D8-25A4FB2977EB}.Release|Any CPU.ActiveCfg = Release|Any CPU
		{6D973287-EA67-432F-93D8-25A4FB2977EB}.Release|Any CPU.Build.0 = Release|Any CPU
	EndGlobalSection
	GlobalSection(SolutionProperties) = preSolution
		HideSolutionNode = FALSE
	EndGlobalSection
	GlobalSection(ExtensibilityGlobals) = postSolution
		SolutionGuid = {277906D6-CA51-4C3B-9CD4-2B49073D8B5B}
	EndGlobalSection
EndGlobal
